
Microsoft Visual Studio Solution File, Format Version 12.00
# Visual Studio Version 17
VisualStudioVersion = 17.8.34525.116
MinimumVisualStudioVersion = 10.0.40219.1
Project("{9A19103F-16F7-4668-BE54-9A1E7A4F7556}") = "AxSlime", "AxSlime\AxSlime.csproj", "{18894635-A2C0-4731-9DE8-B6E13EAD302C}"
EndProject
Global
	GlobalSection(SolutionConfigurationPlatforms) = preSolution
		Debug|Any CPU = Debug|Any CPU
		Release|Any CPU = Release|Any CPU
	EndGlobalSection
	GlobalSection(ProjectConfigurationPlatforms) = postSolution
		{18894635-A2C0-4731-9DE8-B6E13EAD302C}.Debug|Any CPU.ActiveCfg = Debug|Any CPU
		{18894635-A2C0-4731-9DE8-B6E13EAD302C}.Debug|Any CPU.Build.0 = Debug|Any CPU
		{18894635-A2C0-4731-9DE8-B6E13EAD302C}.Release|Any CPU.ActiveCfg = Release|Any CPU
		{18894635-A2C0-4731-9DE8-B6E13EAD302C}.Release|Any CPU.Build.0 = Release|Any CPU
	EndGlobalSection
	GlobalSection(SolutionProperties) = preSolution
		HideSolutionNode = FALSE
	EndGlobalSection
	GlobalSection(ExtensibilityGlobals) = postSolution
		SolutionGuid = {3EC419E9-BD83-4920-B1A3-9A97B99253AF}
	EndGlobalSection
EndGlobal
